
Microsoft Visual Studio Solution File, Format Version 12.00
# Visual Studio 15
VisualStudioVersion = 15.0.28307.902
MinimumVisualStudioVersion = 10.0.40219.1
Project("{9A19103F-16F7-4668-BE54-9A1E7A4F7556}") = "ChatRESTfullAPI", "ChatRESTfullAPI\ChatRESTfullAPI.csproj", "{87BACF2B-37EC-446F-BD41-7196E2C92179}"
EndProject
Project("{FAE04EC0-301F-11D3-BF4B-00C04F79EFBC}") = "ClientApp", "ClientApp\ClientApp.csproj", "{D98AE1B7-67B1-4DB9-8B40-C3DA568CAE9B}"
EndProject
Global
	GlobalSection(SolutionConfigurationPlatforms) = preSolution
		Debug|Any CPU = Debug|Any CPU
		Release|Any CPU = Release|Any CPU
	EndGlobalSection
	GlobalSection(ProjectConfigurationPlatforms) = postSolution
		{87BACF2B-37EC-446F-BD41-7196E2C92179}.Debug|Any CPU.ActiveCfg = Debug|Any CPU
		{87BACF2B-37EC-446F-BD41-7196E2C92179}.Debug|Any CPU.Build.0 = Debug|Any CPU
		{87BACF2B-37EC-446F-BD41-7196E2C92179}.Release|Any CPU.ActiveCfg = Release|Any CPU
		{87BACF2B-37EC-446F-BD41-7196E2C92179}.Release|Any CPU.Build.0 = Release|Any CPU
		{D98AE1B7-67B1-4DB9-8B40-C3DA568CAE9B}.Debug|Any CPU.ActiveCfg = Debug|Any CPU
		{D98AE1B7-67B1-4DB9-8B40-C3DA568CAE9B}.Debug|Any CPU.Build.0 = Debug|Any CPU
		{D98AE1B7-67B1-4DB9-8B40-C3DA568CAE9B}.Release|Any CPU.ActiveCfg = Release|Any CPU
		{D98AE1B7-67B1-4DB9-8B40-C3DA568CAE9B}.Release|Any CPU.Build.0 = Release|Any CPU
	EndGlobalSection
	GlobalSection(SolutionProperties) = preSolution
		HideSolutionNode = FALSE
	EndGlobalSection
	GlobalSection(ExtensibilityGlobals) = postSolution
		SolutionGuid = {730DED08-319A-4B58-BB74-F4B9D60A0DCD}
	EndGlobalSection
EndGlobal
